// !$*UTF8*$!
{
	archiveVersion = 1;
	classes = {
	};
	objectVersion = 77;
	objects = {

/* Begin PBXBuildFile section */
		329EAD742FAB6B310081ABBE /* shared.framework in Frameworks */ = {isa = PBXBuildFile; fileRef = 329EAD722FAB6AF10081ABBE /* shared.framework */; };
		329EAD752FAB6B310081ABBE /* shared.framework in Embed Frameworks */ = {isa = PBXBuildFile; fileRef = 329EAD722FAB6AF10081ABBE /* shared.framework */; settings = {ATTRIBUTES = (CodeSignOnCopy, RemoveHeadersOnCopy, ); }; };
/* End PBXBuildFile section */

/* Begin PBXContainerItemProxy section */
		329EAD552FAB66840081ABBE /* PBXContainerItemProxy */ = {
			isa = PBXContainerItemProxy;
			containerPortal = 329EAD3F2FAB66820081ABBE /* Project object */;
			proxyType = 1;
			remoteGlobalIDString = 329EAD462FAB66820081ABBE;
			remoteInfo = "astra-loom";
		};
		329EAD5F2FAB66840081ABBE /* PBXContainerItemProxy */ = {
			isa = PBXContainerItemProxy;
			containerPortal = 329EAD3F2FAB66820081ABBE /* Project object */;
			proxyType = 1;
			remoteGlobalIDString = 329EAD462FAB66820081ABBE;
			remoteInfo = "astra-loom";
		};
/* End PBXContainerItemProxy section */

/* Begin PBXCopyFilesBuildPhase section */
		329EAD762FAB6B310081ABBE /* Embed Frameworks */ = {
			isa = PBXCopyFilesBuildPhase;
			buildActionMask = 2147483647;
			dstPath = "";
			dstSubfolderSpec = 10;
			files = (
				329EAD752FAB6B310081ABBE /* shared.framework in Embed Frameworks */,
			);
			name = "Embed Frameworks";
			runOnlyForDeploymentPostprocessing = 0;
		};
/* End PBXCopyFilesBuildPhase section */

/* Begin PBXFileReference section */
		329EAD472FAB66820081ABBE /* astra-loom.app */ = {isa = PBXFileReference; explicitFileType = wrapper.application; includeInIndex = 0; path = "astra-loom.app"; sourceTree = BUILT_PRODUCTS_DIR; };
		329EAD542FAB66840081ABBE /* astra-loomTests.xctest */ = {isa = PBXFileReference; explicitFileType = wrapper.cfbundle; includeInIndex = 0; path = "astra-loomTests.xctest"; sourceTree = BUILT_PRODUCTS_DIR; };
		329EAD5E2FAB66840081ABBE /* astra-loomUITests.xctest */ = {isa = PBXFileReference; explicitFileType = wrapper.cfbundle; includeInIndex = 0; path = "astra-loomUITests.xctest"; sourceTree = BUILT_PRODUCTS_DIR; };
		329EAD722FAB6AF10081ABBE /* shared.framework */ = {isa = PBXFileReference; lastKnownFileType = wrapper.framework; name = shared.framework; path = ../../../shared/build/bin/iosSimulatorArm64/debugFramework/shared.framework; sourceTree = "<group>"; };
/* End PBXFileReference section */

/* Begin PBXFileSystemSynchronizedRootGroup section */
		329EAD492FAB66820081ABBE /* astra-loom */ = {
			isa = PBXFileSystemSynchronizedRootGroup;
			path = "astra-loom";
			sourceTree = "<group>";
		};
		329EAD572FAB66840081ABBE /* astra-loomTests */ = {
			isa = PBXFileSystemSynchronizedRootGroup;
			path = "astra-loomTests";
			sourceTree = "<group>";
		};
		329EAD612FAB66840081ABBE /* astra-loomUITests */ = {
			isa = PBXFileSystemSynchronizedRootGroup;
			path = "astra-loomUITests";
			sourceTree = "<group>";
		};
/* End PBXFileSystemSynchronizedRootGroup section */

/* Begin PBXFrameworksBuildPhase section */
		329EAD442FAB66820081ABBE /* Frameworks */ = {
			isa = PBXFrameworksBuildPhase;
			buildActionMask = 2147483647;
			files = (
				329EAD742FAB6B310081ABBE /* shared.framework in Frameworks */,
			);
			runOnlyForDeploymentPostprocessing = 0;
		};
		329EAD512FAB66840081ABBE /* Frameworks */ = {
			isa = PBXFrameworksBuildPhase;
			buildActionMask = 2147483647;
			files = (
			);
			runOnlyForDeploymentPostprocessing = 0;
		};
		329EAD5B2FAB66840081ABBE /* Frameworks */ = {
			isa = PBXFrameworksBuildPhase;
			buildActionMask = 2147483647;
			files = (
			);
			runOnlyForDeploymentPostprocessing = 0;
		};
/* End PBXFrameworksBuildPhase section */

/* Begin PBXGroup section */
		329EAD3E2FAB66820081ABBE = {
			isa = PBXGroup;
			children = (
				329EAD492FAB66820081ABBE /* astra-loom */,
				329EAD572FAB66840081ABBE /* astra-loomTests */,
				329EAD612FAB66840081ABBE /* astra-loomUITests */,
				329EAD712FAB6AF00081ABBE /* Frameworks */,
				329EAD482FAB66820081ABBE /* Products */,
			);
			sourceTree = "<group>";
		};
		329EAD482FAB66820081ABBE /* Products */ = {
			isa = PBXGroup;
			children = (
				329EAD472FAB66820081ABBE /* astra-loom.app */,
				329EAD542FAB66840081ABBE /* astra-loomTests.xctest */,
				329EAD5E2FAB66840081ABBE /* astra-loomUITests.xctest */,
			);
			name = Products;
			sourceTree = "<group>";
		};
		329EAD712FAB6AF00081ABBE /* Frameworks */ = {
			isa = PBXGroup;
			children = (
				329EAD722FAB6AF10081ABBE /* shared.framework */,
			);
			name = Frameworks;
			sourceTree = "<group>";
		};
/* End PBXGroup section */

/* Begin PBXNativeTarget section */
		329EAD462FAB66820081ABBE /* astra-loom */ = {
			isa = PBXNativeTarget;
			buildConfigurationList = 329EAD682FAB66840081ABBE /* Build configuration list for PBXNativeTarget "astra-loom" */;
			buildPhases = (
				329EAD782FAB6BCE0081ABBE /* Build KMP Framework */,
				329EAD432FAB66820081ABBE /* Sources */,
				329EAD442FAB66820081ABBE /* Frameworks */,
				329EAD452FAB66820081ABBE /* Resources */,
				329EAD762FAB6B310081ABBE /* Embed Frameworks */,
			);
			buildRules = (
			);
			dependencies = (
			);
			fileSystemSynchronizedGroups = (
				329EAD492FAB66820081ABBE /* astra-loom */,
			);
			name = "astra-loom";
			packageProductDependencies = (
			);
			productName = "astra-loom";
			productReference = 329EAD472FAB66820081ABBE /* astra-loom.app */;
			productType = "com.apple.product-type.application";
		};
		329EAD532FAB66840081ABBE /* astra-loomTests */ = {
			isa = PBXNativeTarget;
			buildConfigurationList = 329EAD6B2FAB66840081ABBE /* Build configuration list for PBXNativeTarget "astra-loomTests" */;
			buildPhases = (
				329EAD502FAB66840081ABBE /* Sources */,
				329EAD512FAB66840081ABBE /* Frameworks */,
				329EAD522FAB66840081ABBE /* Resources */,
			);
			buildRules = (
			);
			dependencies = (
				329EAD562FAB66840081ABBE /* PBXTargetDependency */,
			);
			fileSystemSynchronizedGroups = (
				329EAD572FAB66840081ABBE /* astra-loomTests */,
			);
			name = "astra-loomTests";
			packageProductDependencies = (
			);
			productName = "astra-loomTests";
			productReference = 329EAD542FAB66840081ABBE /* astra-loomTests.xctest */;
			productType = "com.apple.product-type.bundle.unit-test";
		};
		329EAD5D2FAB66840081ABBE /* astra-loomUITests */ = {
			isa = PBXNativeTarget;
			buildConfigurationList = 329EAD6E2FAB66840081ABBE /* Build configuration list for PBXNativeTarget "astra-loomUITests" */;
			buildPhases = (
				329EAD5A2FAB66840081ABBE /* Sources */,
				329EAD5B2FAB66840081ABBE /* Frameworks */,
				329EAD5C2FAB66840081ABBE /* Resources */,
			);
			buildRules = (
			);
			dependencies = (
				329EAD602FAB66840081ABBE /* PBXTargetDependency */,
			);
			fileSystemSynchronizedGroups = (
				329EAD612FAB66840081ABBE /* astra-loomUITests */,
			);
			name = "astra-loomUITests";
			packageProductDependencies = (
			);
			productName = "astra-loomUITests";
			productReference = 329EAD5E2FAB66840081ABBE /* astra-loomUITests.xctest */;
			productType = "com.apple.product-type.bundle.ui-testing";
		};
/* End PBXNativeTarget section */

/* Begin PBXProject section */
		329EAD3F2FAB66820081ABBE /* Project object */ = {
			isa = PBXProject;
			attributes = {
				BuildIndependentTargetsInParallel = 1;
				LastSwiftUpdateCheck = 2640;
				LastUpgradeCheck = 2640;
				TargetAttributes = {
					329EAD462FAB66820081ABBE = {
						CreatedOnToolsVersion = 26.4;
					};
					329EAD532FAB66840081ABBE = {
						CreatedOnToolsVersion = 26.4;
						TestTargetID = 329EAD462FAB66820081ABBE;
					};
					329EAD5D2FAB66840081ABBE = {
						CreatedOnToolsVersion = 26.4;
						TestTargetID = 329EAD462FAB66820081ABBE;
					};
				};
			};
			buildConfigurationList = 329EAD422FAB66820081ABBE /* Build configuration list for PBXProject "astra-loom" */;
			developmentRegion = en;
			hasScannedForEncodings = 0;
			knownRegions = (
				en,
				Base,
			);
			mainGroup = 329EAD3E2FAB66820081ABBE;
			minimizedProjectReferenceProxies = 1;
			preferredProjectObjectVersion = 77;
			productRefGroup = 329EAD482FAB66820081ABBE /* Products */;
			projectDirPath = "";
			projectRoot = "";
			targets = (
				329EAD462FAB66820081ABBE /* astra-loom */,
				329EAD532FAB66840081ABBE /* astra-loomTests */,
				329EAD5D2FAB66840081ABBE /* astra-loomUITests */,
			);
		};
/* End PBXProject section */

/* Begin PBXResourcesBuildPhase section */
		329EAD452FAB66820081ABBE /* Resources */ = {
			isa = PBXResourcesBuildPhase;
			buildActionMask = 2147483647;
			files = (
			);
			runOnlyForDeploymentPostprocessing = 0;
		};
		329EAD522FAB66840081ABBE /* Resources */ = {
			isa = PBXResourcesBuildPhase;
			buildActionMask = 2147483647;
			files = (
			);
			runOnlyForDeploymentPostprocessing = 0;
		};
		329EAD5C2FAB66840081ABBE /* Resources */ = {
			isa = PBXResourcesBuildPhase;
			buildActionMask = 2147483647;
			files = (
			);
			runOnlyForDeploymentPostprocessing = 0;
		};
/* End PBXResourcesBuildPhase section */

/* Begin PBXShellScriptBuildPhase section */
		329EAD782FAB6BCE0081ABBE /* Build KMP Framework */ = {
			isa = PBXShellScriptBuildPhase;
			buildActionMask = 2147483647;
			files = (
			);
			inputFileListPaths = (
			);
			inputPaths = (
				"$(SRCROOT)/../../../shared/src",
			);
			name = "Build KMP Framework";
			outputFileListPaths = (
			);
			outputPaths = (
				"$(SRCROOT)/../../../shared/build/bin/$(PLATFORM_NAME)/$(CONFIGURATION_BUILD_DIR_SUFFIX)/shared.framework",
			);
			runOnlyForDeploymentPostprocessing = 0;
			shellPath = /bin/sh;
			shellScript = "cd \"$SRCROOT/../../..\"\n./gradlew :shared:buildXcodeFramework\n";
		};
/* End PBXShellScriptBuildPhase section */

/* Begin PBXSourcesBuildPhase section */
		329EAD432FAB66820081ABBE /* Sources */ = {
			isa = PBXSourcesBuildPhase;
			buildActionMask = 2147483647;
			files = (
			);
			runOnlyForDeploymentPostprocessing = 0;
		};
		329EAD502FAB66840081ABBE /* Sources */ = {
			isa = PBXSourcesBuildPhase;
			buildActionMask = 2147483647;
			files = (
			);
			runOnlyForDeploymentPostprocessing = 0;
		};
		329EAD5A2FAB66840081ABBE /* Sources */ = {
			isa = PBXSourcesBuildPhase;
			buildActionMask = 2147483647;
			files = (
			);
			runOnlyForDeploymentPostprocessing = 0;
		};
/* End PBXSourcesBuildPhase section */

/* Begin PBXTargetDependency section */
		329EAD562FAB66840081ABBE /* PBXTargetDependency */ = {
			isa = PBXTargetDependency;
			target = 329EAD462FAB66820081ABBE /* astra-loom */;
			targetProxy = 329EAD552FAB66840081ABBE /* PBXContainerItemProxy */;
		};
		329EAD602FAB66840081ABBE /* PBXTargetDependency */ = {
			isa = PBXTargetDependency;
			target = 329EAD462FAB66820081ABBE /* astra-loom */;
			targetProxy = 329EAD5F2FAB66840081ABBE /* PBXContainerItemProxy */;
		};
/* End PBXTargetDependency section */

/* Begin XCBuildConfiguration section */
		329EAD662FAB66840081ABBE /* Debug */ = {
			isa = XCBuildConfiguration;
			buildSettings = {
				ALWAYS_SEARCH_USER_PATHS = NO;
				ASSETCATALOG_COMPILER_GENERATE_SWIFT_ASSET_SYMBOL_EXTENSIONS = YES;
				CLANG_ANALYZER_NONNULL = YES;
				CLANG_ANALYZER_NUMBER_OBJECT_CONVERSION = YES_AGGRESSIVE;
				CLANG_CXX_LANGUAGE_STANDARD = "gnu++20";
				CLANG_ENABLE_MODULES = YES;
				CLANG_ENABLE_OBJC_ARC = YES;
				CLANG_ENABLE_OBJC_WEAK = YES;
				CLANG_WARN_BLOCK_CAPTURE_AUTORELEASING = YES;
				CLANG_WARN_BOOL_CONVERSION = YES;
				CLANG_WARN_COMMA = YES;
				CLANG_WARN_CONSTANT_CONVERSION = YES;
				CLANG_WARN_DEPRECATED_OBJC_IMPLEMENTATIONS = YES;
				CLANG_WARN_DIRECT_OBJC_ISA_USAGE = YES_ERROR;
				CLANG_WARN_DOCUMENTATION_COMMENTS = YES;
				CLANG_WARN_EMPTY_BODY = YES;
				CLANG_WARN_ENUM_CONVERSION = YES;
				CLANG_WARN_INFINITE_RECURSION = YES;
				CLANG_WARN_INT_CONVERSION = YES;
				CLANG_WARN_NON_LITERAL_NULL_CONVERSION = YES;
				CLANG_WARN_OBJC_IMPLICIT_RETAIN_SELF = YES;
				CLANG_WARN_OBJC_LITERAL_CONVERSION = YES;
				CLANG_WARN_OBJC_ROOT_CLASS = YES_ERROR;
				CLANG_WARN_QUOTED_INCLUDE_IN_FRAMEWORK_HEADER = YES;
				CLANG_WARN_RANGE_LOOP_ANALYSIS = YES;
				CLANG_WARN_STRICT_PROTOTYPES = YES;
				CLANG_WARN_SUSPICIOUS_MOVE = YES;
				CLANG_WARN_UNGUARDED_AVAILABILITY = YES_AGGRESSIVE;
				CLANG_WARN_UNREACHABLE_CODE = YES;
				CLANG_WARN__DUPLICATE_METHOD_MATCH = YES;
				COPY_PHASE_STRIP = NO;
				DEBUG_INFORMATION_FORMAT = dwarf;
				DEVELOPMENT_TEAM = 6BBN458CF7;
				ENABLE_STRICT_OBJC_MSGSEND = YES;
				ENABLE_TESTABILITY = YES;
				ENABLE_USER_SCRIPT_SANDBOXING = YES;
				GCC_C_LANGUAGE_STANDARD = gnu17;
				GCC_DYNAMIC_NO_PIC = NO;
				GCC_NO_COMMON_BLOCKS = YES;
				GCC_OPTIMIZATION_LEVEL = 0;
				GCC_PREPROCESSOR_DEFINITIONS = (
					"DEBUG=1",
					"$(inherited)",
				);
				GCC_WARN_64_TO_32_BIT_CONVERSION = YES;
				GCC_WARN_ABOUT_RETURN_TYPE = YES_ERROR;
				GCC_WARN_UNDECLARED_SELECTOR = YES;
				GCC_WARN_UNINITIALIZED_AUTOS = YES_AGGRESSIVE;
				GCC_WARN_UNUSED_FUNCTION = YES;
				GCC_WARN_UNUSED_VARIABLE = YES;
				IPHONEOS_DEPLOYMENT_TARGET = 26.4;
				LOCALIZATION_PREFERS_STRING_CATALOGS = YES;
				MTL_ENABLE_DEBUG_INFO = INCLUDE_SOURCE;
				MTL_FAST_MATH = YES;
				ONLY_ACTIVE_ARCH = YES;
				SDKROOT = iphoneos;
				SWIFT_ACTIVE_COMPILATION_CONDITIONS = "DEBUG $(inherited)";
				SWIFT_OPTIMIZATION_LEVEL = "-Onone";
			};
			name = Debug;
		};
		329EAD672FAB66840081ABBE /* Release */ = {
			isa = XCBuildConfiguration;
			buildSettings = {
				ALWAYS_SEARCH_USER_PATHS = NO;
				ASSETCATALOG_COMPILER_GENERATE_SWIFT_ASSET_SYMBOL_EXTENSIONS = YES;
				CLANG_ANALYZER_NONNULL = YES;
				CLANG_ANALYZER_NUMBER_OBJECT_CONVERSION = YES_AGGRESSIVE;
				CLANG_CXX_LANGUAGE_STANDARD = "gnu++20";
				CLANG_ENABLE_MODULES = YES;
				CLANG_ENABLE_OBJC_ARC = YES;
				CLANG_ENABLE_OBJC_WEAK = YES;
				CLANG_WARN_BLOCK_CAPTURE_AUTORELEASING = YES;
				CLANG_WARN_BOOL_CONVERSION = YES;
				CLANG_WARN_COMMA = YES;
				CLANG_WARN_CONSTANT_CONVERSION = YES;
				CLANG_WARN_DEPRECATED_OBJC_IMPLEMENTATIONS = YES;
				CLANG_WARN_DIRECT_OBJC_ISA_USAGE = YES_ERROR;
				CLANG_WARN_DOCUMENTATION_COMMENTS = YES;
				CLANG_WARN_EMPTY_BODY = YES;
				CLANG_WARN_ENUM_CONVERSION = YES;
				CLANG_WARN_INFINITE_RECURSION = YES;
				CLANG_WARN_INT_CONVERSION = YES;
				CLANG_WARN_NON_LITERAL_NULL_CONVERSION = YES;
				CLANG_WARN_OBJC_IMPLICIT_RETAIN_SELF = YES;
				CLANG_WARN_OBJC_LITERAL_CONVERSION = YES;
				CLANG_WARN_OBJC_ROOT_CLASS = YES_ERROR;
				CLANG_WARN_QUOTED_INCLUDE_IN_FRAMEWORK_HEADER = YES;
				CLANG_WARN_RANGE_LOOP_ANALYSIS = YES;
				CLANG_WARN_STRICT_PROTOTYPES = YES;
				CLANG_WARN_SUSPICIOUS_MOVE = YES;
				CLANG_WARN_UNGUARDED_AVAILABILITY = YES_AGGRESSIVE;
				CLANG_WARN_UNREACHABLE_CODE = YES;
				CLANG_WARN__DUPLICATE_METHOD_MATCH = YES;
				COPY_PHASE_STRIP = NO;
				DEBUG_INFORMATION_FORMAT = "dwarf-with-dsym";
				DEVELOPMENT_TEAM = 6BBN458CF7;
				ENABLE_NS_ASSERTIONS = NO;
				ENABLE_STRICT_OBJC_MSGSEND = YES;
				ENABLE_USER_SCRIPT_SANDBOXING = YES;
				GCC_C_LANGUAGE_STANDARD = gnu17;
				GCC_NO_COMMON_BLOCKS = YES;
				GCC_WARN_64_TO_32_BIT_CONVERSION = YES;
				GCC_WARN_ABOUT_RETURN_TYPE = YES_ERROR;
				GCC_WARN_UNDECLARED_SELECTOR = YES;
				GCC_WARN_UNINITIALIZED_AUTOS = YES_AGGRESSIVE;
				GCC_WARN_UNUSED_FUNCTION = YES;
				GCC_WARN_UNUSED_VARIABLE = YES;
				IPHONEOS_DEPLOYMENT_TARGET = 26.4;
				LOCALIZATION_PREFERS_STRING_CATALOGS = YES;
				MTL_ENABLE_DEBUG_INFO = NO;
				MTL_FAST_MATH = YES;
				SDKROOT = iphoneos;
				SWIFT_COMPILATION_MODE = wholemodule;
				VALIDATE_PRODUCT = YES;
			};
			name = Release;
		};
		329EAD692FAB66840081ABBE /* Debug */ = {
			isa = XCBuildConfiguration;
			buildSettings = {
				ASSETCATALOG_COMPILER_APPICON_NAME = AppIcon;
				ASSETCATALOG_COMPILER_GLOBAL_ACCENT_COLOR_NAME = AccentColor;
				CODE_SIGN_STYLE = Automatic;
				CURRENT_PROJECT_VERSION = 1;
				DEVELOPMENT_TEAM = 6BBN458CF7;
				ENABLE_PREVIEWS = YES;
				GENERATE_INFOPLIST_FILE = YES;
				INFOPLIST_KEY_UIApplicationSceneManifest_Generation = YES;
				INFOPLIST_KEY_UIApplicationSupportsIndirectInputEvents = YES;
				INFOPLIST_KEY_UILaunchScreen_Generation = YES;
				INFOPLIST_KEY_UISupportedInterfaceOrientations_iPad = "UIInterfaceOrientationPortrait UIInterfaceOrientationPortraitUpsideDown UIInterfaceOrientationLandscapeLeft UIInterfaceOrientationLandscapeRight";
				INFOPLIST_KEY_UISupportedInterfaceOrientations_iPhone = "UIInterfaceOrientationPortrait UIInterfaceOrientationLandscapeLeft UIInterfaceOrientationLandscapeRight";
				LD_RUNPATH_SEARCH_PATHS = (
					"$(inherited)",
					"@executable_path/Frameworks",
				);
				MARKETING_VERSION = 1.0;
				PRODUCT_BUNDLE_IDENTIFIER = "jp.co.masaki.futami.astra-loom";
				PRODUCT_NAME = "$(TARGET_NAME)";
				STRING_CATALOG_GENERATE_SYMBOLS = YES;
				SWIFT_APPROACHABLE_CONCURRENCY = YES;
				SWIFT_DEFAULT_ACTOR_ISOLATION = MainActor;
				SWIFT_EMIT_LOC_STRINGS = YES;
				SWIFT_UPCOMING_FEATURE_MEMBER_IMPORT_VISIBILITY = YES;
				SWIFT_VERSION = 5.0;
				TARGETED_DEVICE_FAMILY = "1,2";
			};
			name = Debug;
		};
		329EAD6A2FAB66840081ABBE /* Release */ = {
			isa = XCBuildConfiguration;
			buildSettings = {
				ASSETCATALOG_COMPILER_APPICON_NAME = AppIcon;
				ASSETCATALOG_COMPILER_GLOBAL_ACCENT_COLOR_NAME = AccentColor;
				CODE_SIGN_STYLE = Automatic;
				CURRENT_PROJECT_VERSION = 1;
				DEVELOPMENT_TEAM = 6BBN458CF7;
				ENABLE_PREVIEWS = YES;
				GENERATE_INFOPLIST_FILE = YES;
				INFOPLIST_KEY_UIApplicationSceneManifest_Generation = YES;
				INFOPLIST_KEY_UIApplicationSupportsIndirectInputEvents = YES;
				INFOPLIST_KEY_UILaunchScreen_Generation = YES;
				INFOPLIST_KEY_UISupportedInterfaceOrientations_iPad = "UIInterfaceOrientationPortrait UIInterfaceOrientationPortraitUpsideDown UIInterfaceOrientationLandscapeLeft UIInterfaceOrientationLandscapeRight";
				INFOPLIST_KEY_UISupportedInterfaceOrientations_iPhone = "UIInterfaceOrientationPortrait UIInterfaceOrientationLandscapeLeft UIInterfaceOrientationLandscapeRight";
				LD_RUNPATH_SEARCH_PATHS = (
					"$(inherited)",
					"@executable_path/Frameworks",
				);
				MARKETING_VERSION = 1.0;
				PRODUCT_BUNDLE_IDENTIFIER = "jp.co.masaki.futami.astra-loom";
				PRODUCT_NAME = "$(TARGET_NAME)";
				STRING_CATALOG_GENERATE_SYMBOLS = YES;
				SWIFT_APPROACHABLE_CONCURRENCY = YES;
				SWIFT_DEFAULT_ACTOR_ISOLATION = MainActor;
				SWIFT_EMIT_LOC_STRINGS = YES;
				SWIFT_UPCOMING_FEATURE_MEMBER_IMPORT_VISIBILITY = YES;
				SWIFT_VERSION = 5.0;
				TARGETED_DEVICE_FAMILY = "1,2";
			};
			name = Release;
		};
		329EAD6C2FAB66840081ABBE /* Debug */ = {
			isa = XCBuildConfiguration;
			buildSettings = {
				BUNDLE_LOADER = "$(TEST_HOST)";
				CODE_SIGN_STYLE = Automatic;
				CURRENT_PROJECT_VERSION = 1;
				DEVELOPMENT_TEAM = 6BBN458CF7;
				GENERATE_INFOPLIST_FILE = YES;
				IPHONEOS_DEPLOYMENT_TARGET = 26.4;
				MARKETING_VERSION = 1.0;
				PRODUCT_BUNDLE_IDENTIFIER = "jp.co.masaki.futami.astra-loomTests";
				PRODUCT_NAME = "$(TARGET_NAME)";
				STRING_CATALOG_GENERATE_SYMBOLS = NO;
				SWIFT_APPROACHABLE_CONCURRENCY = YES;
				SWIFT_EMIT_LOC_STRINGS = NO;
				SWIFT_UPCOMING_FEATURE_MEMBER_IMPORT_VISIBILITY = YES;
				SWIFT_VERSION = 5.0;
				TARGETED_DEVICE_FAMILY = "1,2";
				TEST_HOST = "$(BUILT_PRODUCTS_DIR)/astra-loom.app/$(BUNDLE_EXECUTABLE_FOLDER_PATH)/astra-loom";
			};
			name = Debug;
		};
		329EAD6D2FAB66840081ABBE /* Release */ = {
			isa = XCBuildConfiguration;
			buildSettings = {
				BUNDLE_LOADER = "$(TEST_HOST)";
				CODE_SIGN_STYLE = Automatic;
				CURRENT_PROJECT_VERSION = 1;
				DEVELOPMENT_TEAM = 6BBN458CF7;
				GENERATE_INFOPLIST_FILE = YES;
				IPHONEOS_DEPLOYMENT_TARGET = 26.4;
				MARKETING_VERSION = 1.0;
				PRODUCT_BUNDLE_IDENTIFIER = "jp.co.masaki.futami.astra-loomTests";
				PRODUCT_NAME = "$(TARGET_NAME)";
				STRING_CATALOG_GENERATE_SYMBOLS = NO;
				SWIFT_APPROACHABLE_CONCURRENCY = YES;
				SWIFT_EMIT_LOC_STRINGS = NO;
				SWIFT_UPCOMING_FEATURE_MEMBER_IMPORT_VISIBILITY = YES;
				SWIFT_VERSION = 5.0;
				TARGETED_DEVICE_FAMILY = "1,2";
				TEST_HOST = "$(BUILT_PRODUCTS_DIR)/astra-loom.app/$(BUNDLE_EXECUTABLE_FOLDER_PATH)/astra-loom";
			};
			name = Release;
		};
		329EAD6F2FAB66840081ABBE /* Debug */ = {
			isa = XCBuildConfiguration;
			buildSettings = {
				CODE_SIGN_STYLE = Automatic;
				CURRENT_PROJECT_VERSION = 1;
				DEVELOPMENT_TEAM = 6BBN458CF7;
				GENERATE_INFOPLIST_FILE = YES;
				MARKETING_VERSION = 1.0;
				PRODUCT_BUNDLE_IDENTIFIER = "jp.co.masaki.futami.astra-loomUITests";
				PRODUCT_NAME = "$(TARGET_NAME)";
				STRING_CATALOG_GENERATE_SYMBOLS = NO;
				SWIFT_APPROACHABLE_CONCURRENCY = YES;
				SWIFT_EMIT_LOC_STRINGS = NO;
				SWIFT_UPCOMING_FEATURE_MEMBER_IMPORT_VISIBILITY = YES;
				SWIFT_VERSION = 5.0;
				TARGETED_DEVICE_FAMILY = "1,2";
				TEST_TARGET_NAME = "astra-loom";
			};
			name = Debug;
		};
		329EAD702FAB66840081ABBE /* Release */ = {
			isa = XCBuildConfiguration;
			buildSettings = {
				CODE_SIGN_STYLE = Automatic;
				CURRENT_PROJECT_VERSION = 1;
				DEVELOPMENT_TEAM = 6BBN458CF7;
				GENERATE_INFOPLIST_FILE = YES;
				MARKETING_VERSION = 1.0;
				PRODUCT_BUNDLE_IDENTIFIER = "jp.co.masaki.futami.astra-loomUITests";
				PRODUCT_NAME = "$(TARGET_NAME)";
				STRING_CATALOG_GENERATE_SYMBOLS = NO;
				SWIFT_APPROACHABLE_CONCURRENCY = YES;
				SWIFT_EMIT_LOC_STRINGS = NO;
				SWIFT_UPCOMING_FEATURE_MEMBER_IMPORT_VISIBILITY = YES;
				SWIFT_VERSION = 5.0;
				TARGETED_DEVICE_FAMILY = "1,2";
				TEST_TARGET_NAME = "astra-loom";
			};
			name = Release;
		};
/* End XCBuildConfiguration section */

/* Begin XCConfigurationList section */
		329EAD422FAB66820081ABBE /* Build configuration list for PBXProject "astra-loom" */ = {
			isa = XCConfigurationList;
			buildConfigurations = (
				329EAD662FAB66840081ABBE /* Debug */,
				329EAD672FAB66840081ABBE /* Release */,
			);
			defaultConfigurationIsVisible = 0;
			defaultConfigurationName = Release;
		};
		329EAD682FAB66840081ABBE /* Build configuration list for PBXNativeTarget "astra-loom" */ = {
			isa = XCConfigurationList;
			buildConfigurations = (
				329EAD692FAB66840081ABBE /* Debug */,
				329EAD6A2FAB66840081ABBE /* Release */,
			);
			defaultConfigurationIsVisible = 0;
			defaultConfigurationName = Release;
		};
		329EAD6B2FAB66840081ABBE /* Build configuration list for PBXNativeTarget "astra-loomTests" */ = {
			isa = XCConfigurationList;
			buildConfigurations = (
				329EAD6C2FAB66840081ABBE /* Debug */,
				329EAD6D2FAB66840081ABBE /* Release */,
			);
			defaultConfigurationIsVisible = 0;
			defaultConfigurationName = Release;
		};
		329EAD6E2FAB66840081ABBE /* Build configuration list for PBXNativeTarget "astra-loomUITests" */ = {
			isa = XCConfigurationList;
			buildConfigurations = (
				329EAD6F2FAB66840081ABBE /* Debug */,
				329EAD702FAB66840081ABBE /* Release */,
			);
			defaultConfigurationIsVisible = 0;
			defaultConfigurationName = Release;
		};
/* End XCConfigurationList section */
	};
	rootObject = 329EAD3F2FAB66820081ABBE /* Project object */;
}
